
Microsoft Visual Studio Solution File, Format Version 12.00
# Visual Studio Version 16
VisualStudioVersion = 16.0.31911.196
MinimumVisualStudioVersion = 10.0.40219.1
Project("{FAE04EC0-301F-11D3-BF4B-00C04F79EFBC}") = "TwentyOne", "TwentyOne\TwentyOne.csproj", "{4420A8B1-966C-4637-9A9B-0720AAEADE8F}"
EndProject
Global
	GlobalSection(SolutionConfigurationPlatforms) = preSolution
		Debug|Any CPU = Debug|Any CPU
		Release|Any CPU = Release|Any CPU
	EndGlobalSection
	GlobalSection(ProjectConfigurationPlatforms) = postSolution
		{4420A8B1-966C-4637-9A9B-0720AAEADE8F}.Debug|Any CPU.ActiveCfg = Debug|Any CPU
		{4420A8B1-966C-4637-9A9B-0720AAEADE8F}.Debug|Any CPU.Build.0 = Debug|Any CPU
		{4420A8B1-966C-4637-9A9B-0720AAEADE8F}.Release|Any CPU.ActiveCfg = Release|Any CPU
		{4420A8B1-966C-4637-9A9B-0720AAEADE8F}.Release|Any CPU.Build.0 = Release|Any CPU
	EndGlobalSection
	GlobalSection(SolutionProperties) = preSolution
		HideSolutionNode = FALSE
	EndGlobalSection
	GlobalSection(ExtensibilityGlobals) = postSolution
		SolutionGuid = {C4DFED42-9BA8-4F4C-92FF-2A103785E6FD}
	EndGlobalSection
EndGlobal
