
Microsoft Visual Studio Solution File, Format Version 12.00
# Visual Studio Version 16
VisualStudioVersion = 16.0.31911.196
MinimumVisualStudioVersion = 10.0.40219.1
Project("{FAE04EC0-301F-11D3-BF4B-00C04F79EFBC}") = "Math_And_Comparision_Operators", "Math_And_Comparision_Operators\Math_And_Comparision_Operators.csproj", "{37BEC1B3-AB0E-40E3-A3EF-11A1C8F5985C}"
EndProject
Global
	GlobalSection(SolutionConfigurationPlatforms) = preSolution
		Debug|Any CPU = Debug|Any CPU
		Release|Any CPU = Release|Any CPU
	EndGlobalSection
	GlobalSection(ProjectConfigurationPlatforms) = postSolution
		{37BEC1B3-AB0E-40E3-A3EF-11A1C8F5985C}.Debug|Any CPU.ActiveCfg = Debug|Any CPU
		{37BEC1B3-AB0E-40E3-A3EF-11A1C8F5985C}.Debug|Any CPU.Build.0 = Debug|Any CPU
		{37BEC1B3-AB0E-40E3-A3EF-11A1C8F5985C}.Release|Any CPU.ActiveCfg = Release|Any CPU
		{37BEC1B3-AB0E-40E3-A3EF-11A1C8F5985C}.Release|Any CPU.Build.0 = Release|Any CPU
	EndGlobalSection
	GlobalSection(SolutionProperties) = preSolution
		HideSolutionNode = FALSE
	EndGlobalSection
	GlobalSection(ExtensibilityGlobals) = postSolution
		SolutionGuid = {CE442EF2-17B3-4E11-8C2C-2C3587F77ADD}
	EndGlobalSection
EndGlobal
