
Microsoft Visual Studio Solution File, Format Version 12.00
# Visual Studio Version 16
VisualStudioVersion = 16.0.31911.196
MinimumVisualStudioVersion = 10.0.40219.1
Project("{FAE04EC0-301F-11D3-BF4B-00C04F79EFBC}") = "ElseStatements", "ElseStatements\ElseStatements.csproj", "{677CA908-CBB0-42A8-83E2-ED01E2AA271B}"
EndProject
Global
	GlobalSection(SolutionConfigurationPlatforms) = preSolution
		Debug|Any CPU = Debug|Any CPU
		Release|Any CPU = Release|Any CPU
	EndGlobalSection
	GlobalSection(ProjectConfigurationPlatforms) = postSolution
		{677CA908-CBB0-42A8-83E2-ED01E2AA271B}.Debug|Any CPU.ActiveCfg = Debug|Any CPU
		{677CA908-CBB0-42A8-83E2-ED01E2AA271B}.Debug|Any CPU.Build.0 = Debug|Any CPU
		{677CA908-CBB0-42A8-83E2-ED01E2AA271B}.Release|Any CPU.ActiveCfg = Release|Any CPU
		{677CA908-CBB0-42A8-83E2-ED01E2AA271B}.Release|Any CPU.Build.0 = Release|Any CPU
	EndGlobalSection
	GlobalSection(SolutionProperties) = preSolution
		HideSolutionNode = FALSE
	EndGlobalSection
	GlobalSection(ExtensibilityGlobals) = postSolution
		SolutionGuid = {74FD5920-3B75-44EB-A8E7-B8CE80FDA483}
	EndGlobalSection
EndGlobal
