
Microsoft Visual Studio Solution File, Format Version 12.00
# Visual Studio Version 16
VisualStudioVersion = 16.0.31911.196
MinimumVisualStudioVersion = 10.0.40219.1
Project("{FAE04EC0-301F-11D3-BF4B-00C04F79EFBC}") = "Abstract-Class", "Abstract-Class\Abstract-Class.csproj", "{9FB95D53-3056-4A38-B087-9026014AC291}"
EndProject
Global
	GlobalSection(SolutionConfigurationPlatforms) = preSolution
		Debug|Any CPU = Debug|Any CPU
		Release|Any CPU = Release|Any CPU
	EndGlobalSection
	GlobalSection(ProjectConfigurationPlatforms) = postSolution
		{9FB95D53-3056-4A38-B087-9026014AC291}.Debug|Any CPU.ActiveCfg = Debug|Any CPU
		{9FB95D53-3056-4A38-B087-9026014AC291}.Debug|Any CPU.Build.0 = Debug|Any CPU
		{9FB95D53-3056-4A38-B087-9026014AC291}.Release|Any CPU.ActiveCfg = Release|Any CPU
		{9FB95D53-3056-4A38-B087-9026014AC291}.Release|Any CPU.Build.0 = Release|Any CPU
	EndGlobalSection
	GlobalSection(SolutionProperties) = preSolution
		HideSolutionNode = FALSE
	EndGlobalSection
	GlobalSection(ExtensibilityGlobals) = postSolution
		SolutionGuid = {6BB32300-39BC-48AF-ABC7-6156BA74CB57}
	EndGlobalSection
EndGlobal
