
Microsoft Visual Studio Solution File, Format Version 12.00
# Visual Studio Version 16
VisualStudioVersion = 16.0.32002.261
MinimumVisualStudioVersion = 10.0.40219.1
Project("{FAE04EC0-301F-11D3-BF4B-00C04F79EFBC}") = "Input-Challenge", "Input-Challenge\Input-Challenge.csproj", "{936DE9DF-F39D-451A-ACC4-AB5CF5614F84}"
EndProject
Global
	GlobalSection(SolutionConfigurationPlatforms) = preSolution
		Debug|Any CPU = Debug|Any CPU
		Release|Any CPU = Release|Any CPU
	EndGlobalSection
	GlobalSection(ProjectConfigurationPlatforms) = postSolution
		{936DE9DF-F39D-451A-ACC4-AB5CF5614F84}.Debug|Any CPU.ActiveCfg = Debug|Any CPU
		{936DE9DF-F39D-451A-ACC4-AB5CF5614F84}.Debug|Any CPU.Build.0 = Debug|Any CPU
		{936DE9DF-F39D-451A-ACC4-AB5CF5614F84}.Release|Any CPU.ActiveCfg = Release|Any CPU
		{936DE9DF-F39D-451A-ACC4-AB5CF5614F84}.Release|Any CPU.Build.0 = Release|Any CPU
	EndGlobalSection
	GlobalSection(SolutionProperties) = preSolution
		HideSolutionNode = FALSE
	EndGlobalSection
	GlobalSection(ExtensibilityGlobals) = postSolution
		SolutionGuid = {59C4024E-2321-449F-A327-C2B7AB4DAF56}
	EndGlobalSection
EndGlobal
